
Microsoft Visual Studio Solution File, Format Version 12.00
# Visual Studio Version 17
VisualStudioVersion = 17.10.34928.147
MinimumVisualStudioVersion = 10.0.40219.1
Project("{FAE04EC0-301F-11D3-BF4B-00C04F79EFBC}") = "RPS-Game", "RPS-Game\RPS-Game.csproj", "{CB3E318A-ADA6-4F7C-BA0B-D96BDD3736A6}"
EndProject
Project("{FAE04EC0-301F-11D3-BF4B-00C04F79EFBC}") = "RPSGameTests", "RPSGameTests\RPSGameTests.csproj", "{9E98B0B2-5DA6-4135-8374-6AC05CC0924C}"
EndProject
Global
	GlobalSection(SolutionConfigurationPlatforms) = preSolution
		Debug|Any CPU = Debug|Any CPU
		Release|Any CPU = Release|Any CPU
	EndGlobalSection
	GlobalSection(ProjectConfigurationPlatforms) = postSolution
		{CB3E318A-ADA6-4F7C-BA0B-D96BDD3736A6}.Debug|Any CPU.ActiveCfg = Debug|Any CPU
		{CB3E318A-ADA6-4F7C-BA0B-D96BDD3736A6}.Debug|Any CPU.Build.0 = Debug|Any CPU
		{CB3E318A-ADA6-4F7C-BA0B-D96BDD3736A6}.Release|Any CPU.ActiveCfg = Release|Any CPU
		{CB3E318A-ADA6-4F7C-BA0B-D96BDD3736A6}.Release|Any CPU.Build.0 = Release|Any CPU
		{9E98B0B2-5DA6-4135-8374-6AC05CC0924C}.Debug|Any CPU.ActiveCfg = Debug|Any CPU
		{9E98B0B2-5DA6-4135-8374-6AC05CC0924C}.Debug|Any CPU.Build.0 = Debug|Any CPU
		{9E98B0B2-5DA6-4135-8374-6AC05CC0924C}.Release|Any CPU.ActiveCfg = Release|Any CPU
		{9E98B0B2-5DA6-4135-8374-6AC05CC0924C}.Release|Any CPU.Build.0 = Release|Any CPU
	EndGlobalSection
	GlobalSection(SolutionProperties) = preSolution
		HideSolutionNode = FALSE
	EndGlobalSection
	GlobalSection(ExtensibilityGlobals) = postSolution
		SolutionGuid = {07FDC519-6AAE-42EF-802B-53033B7378A6}
	EndGlobalSection
EndGlobal
